
Microsoft Visual Studio Solution File, Format Version 12.00
# Visual Studio Version 17
VisualStudioVersion = 17.0.31912.275
MinimumVisualStudioVersion = 10.0.40219.1
Project("{FAE04EC0-301F-11D3-BF4B-00C04F79EFBC}") = "BattleShipConsoleApp", "BattleShipConsoleApp.csproj", "{1BF1EC0F-7016-4077-83E9-253B619F253C}"
EndProject
Project("{FAE04EC0-301F-11D3-BF4B-00C04F79EFBC}") = "BattleShipUnitTest", "..\BattleShipUnitTest\BattleShipUnitTest.csproj", "{FC31D5B6-C6C3-4C82-A717-0B5DA88894DC}"
EndProject
Global
	GlobalSection(SolutionConfigurationPlatforms) = preSolution
		Debug|Any CPU = Debug|Any CPU
		Release|Any CPU = Release|Any CPU
	EndGlobalSection
	GlobalSection(ProjectConfigurationPlatforms) = postSolution
		{1BF1EC0F-7016-4077-83E9-253B619F253C}.Debug|Any CPU.ActiveCfg = Debug|Any CPU
		{1BF1EC0F-7016-4077-83E9-253B619F253C}.Debug|Any CPU.Build.0 = Debug|Any CPU
		{1BF1EC0F-7016-4077-83E9-253B619F253C}.Release|Any CPU.ActiveCfg = Release|Any CPU
		{1BF1EC0F-7016-4077-83E9-253B619F253C}.Release|Any CPU.Build.0 = Release|Any CPU
		{FC31D5B6-C6C3-4C82-A717-0B5DA88894DC}.Debug|Any CPU.ActiveCfg = Debug|Any CPU
		{FC31D5B6-C6C3-4C82-A717-0B5DA88894DC}.Debug|Any CPU.Build.0 = Debug|Any CPU
		{FC31D5B6-C6C3-4C82-A717-0B5DA88894DC}.Release|Any CPU.ActiveCfg = Release|Any CPU
		{FC31D5B6-C6C3-4C82-A717-0B5DA88894DC}.Release|Any CPU.Build.0 = Release|Any CPU
	EndGlobalSection
	GlobalSection(SolutionProperties) = preSolution
		HideSolutionNode = FALSE
	EndGlobalSection
	GlobalSection(ExtensibilityGlobals) = postSolution
		SolutionGuid = {BAB68305-46D0-4263-B8B3-CECFCA54B4E6}
	EndGlobalSection
EndGlobal
